// !$*UTF8*$!
{
	archiveVersion = 1;
	classes = {
	};
	objectVersion = 46;
	objects = {

/* Begin PBXBuildFile section */
		18058FBF1B62243100AC695D /* main.m in Sources */ = {isa = PBXBuildFile; fileRef = 18058FBE1B62243100AC695D /* main.m */; };
		18058FC21B62243100AC695D /* AppDelegate.m in Sources */ = {isa = PBXBuildFile; fileRef = 18058FC11B62243100AC695D /* AppDelegate.m */; };
		18058FC51B62243100AC695D /* ViewController.m in Sources */ = {isa = PBXBuildFile; fileRef = 18058FC41B62243100AC695D /* ViewController.m */; };
		18058FC81B62243100AC695D /* Main.storyboard in Resources */ = {isa = PBXBuildFile; fileRef = 18058FC61B62243100AC695D /* Main.storyboard */; };
		18058FCA1B62243100AC695D /* Images.xcassets in Resources */ = {isa = PBXBuildFile; fileRef = 18058FC91B62243100AC695D /* Images.xcassets */; };
		18058FCD1B62243100AC695D /* LaunchScreen.xib in Resources */ = {isa = PBXBuildFile; fileRef = 18058FCB1B62243100AC695D /* LaunchScreen.xib */; };
		18058FD91B62243100AC695D /* OAppTests.m in Sources */ = {isa = PBXBuildFile; fileRef = 18058FD81B62243100AC695D /* OAppTests.m */; };
/* End PBXBuildFile section */

/* Begin PBXContainerItemProxy section */
		18058FD31B62243100AC695D /* PBXContainerItemProxy */ = {
			isa = PBXContainerItemProxy;
			containerPortal = 18058FB11B62243100AC695D /* Project object */;
			proxyType = 1;
			remoteGlobalIDString = 18058FB81B62243100AC695D;
			remoteInfo = OApp;
		};
/* End PBXContainerItemProxy section */

/* Begin PBXFileReference section */
		18058FB91B62243100AC695D /* OApp.app */ = {isa = PBXFileReference; explicitFileType = wrapper.application; includeInIndex = 0; path = OApp.app; sourceTree = BUILT_PRODUCTS_DIR; };
		18058FBD1B62243100AC695D /* Info.plist */ = {isa = PBXFileReference; lastKnownFileType = text.plist.xml; path = Info.plist; sourceTree = "<group>"; };
		18058FBE1B62243100AC695D /* main.m */ = {isa = PBXFileReference; lastKnownFileType = sourcecode.c.objc; path = main.m; sourceTree = "<group>"; };
		18058FC01B62243100AC695D /* AppDelegate.h */ = {isa = PBXFileReference; lastKnownFileType = sourcecode.c.h; path = AppDelegate.h; sourceTree = "<group>"; };
		18058FC11B62243100AC695D /* AppDelegate.m */ = {isa = PBXFileReference; lastKnownFileType = sourcecode.c.objc; path = AppDelegate.m; sourceTree = "<group>"; };
		18058FC31B62243100AC695D /* ViewController.h */ = {isa = PBXFileReference; lastKnownFileType = sourcecode.c.h; path = ViewController.h; sourceTree = "<group>"; };
		18058FC41B62243100AC695D /* ViewController.m */ = {isa = PBXFileReference; lastKnownFileType = sourcecode.c.objc; path = ViewController.m; sourceTree = "<group>"; };
		18058FC71B62243100AC695D /* Base */ = {isa = PBXFileReference; lastKnownFileType = file.storyboard; name = Base; path = Base.lproj/Main.storyboard; sourceTree = "<group>"; };
		18058FC91B62243100AC695D /* Images.xcassets */ = {isa = PBXFileReference; lastKnownFileType = folder.assetcatalog; path = Images.xcassets; sourceTree = "<group>"; };
		18058FCC1B62243100AC695D /* Base */ = {isa = PBXFileReference; lastKnownFileType = file.xib; name = Base; path = Base.lproj/LaunchScreen.xib; sourceTree = "<group>"; };
		18058FD21B62243100AC695D /* OAppTests.xctest */ = {isa = PBXFileReference; explicitFileType = wrapper.cfbundle; includeInIndex = 0; path = OAppTests.xctest; sourceTree = BUILT_PRODUCTS_DIR; };
		18058FD71B62243100AC695D /* Info.plist */ = {isa = PBXFileReference; lastKnownFileType = text.plist.xml; path = Info.plist; sourceTree = "<group>"; };
		18058FD81B62243100AC695D /* OAppTests.m */ = {isa = PBXFileReference; lastKnownFileType = sourcecode.c.objc; path = OAppTests.m; sourceTree = "<group>"; };
/* End PBXFileReference section */

/* Begin PBXFrameworksBuildPhase section */
		18058FB61B62243100AC695D /* Frameworks */ = {
			isa = PBXFrameworksBuildPhase;
			buildActionMask = 2147483647;
			files = (
			);
			runOnlyForDeploymentPostprocessing = 0;
		};
		18058FCF1B62243100AC695D /* Frameworks */ = {
			isa = PBXFrameworksBuildPhase;
			buildActionMask = 2147483647;
			files = (
			);
			runOnlyForDeploymentPostprocessing = 0;
		};
/* End PBXFrameworksBuildPhase section */

/* Begin PBXGroup section */
		18058FB01B62243100AC695D = {
			isa = PBXGroup;
			children = (
				18058FBB1B62243100AC695D /* OApp */,
				18058FD51B62243100AC695D /* OAppTests */,
				18058FBA1B62243100AC695D /* Products */,
			);
			sourceTree = "<group>";
		};
		18058FBA1B62243100AC695D /* Products */ = {
			isa = PBXGroup;
			children = (
				18058FB91B62243100AC695D /* OApp.app */,
				18058FD21B62243100AC695D /* OAppTests.xctest */,
			);
			name = Products;
			sourceTree = "<group>";
		};
		18058FBB1B62243100AC695D /* OApp */ = {
			isa = PBXGroup;
			children = (
				18058FC01B62243100AC695D /* AppDelegate.h */,
				18058FC11B62243100AC695D /* AppDelegate.m */,
				18058FC31B62243100AC695D /* ViewController.h */,
				18058FC41B62243100AC695D /* ViewController.m */,
				18058FC61B62243100AC695D /* Main.storyboard */,
				18058FC91B62243100AC695D /* Images.xcassets */,
				18058FCB1B62243100AC695D /* LaunchScreen.xib */,
				18058FBC1B62243100AC695D /* Supporting Files */,
			);
			path = OApp;
			sourceTree = "<group>";
		};
		18058FBC1B62243100AC695D /* Supporting Files */ = {
			isa = PBXGroup;
			children = (
				18058FBD1B62243100AC695D /* Info.plist */,
				18058FBE1B62243100AC695D /* main.m */,
			);
			name = "Supporting Files";
			sourceTree = "<group>";
		};
		18058FD51B62243100AC695D /* OAppTests */ = {
			isa = PBXGroup;
			children = (
				18058FD81B62243100AC695D /* OAppTests.m */,
				18058FD61B62243100AC695D /* Supporting Files */,
			);
			path = OAppTests;
			sourceTree = "<group>";
		};
		18058FD61B62243100AC695D /* Supporting Files */ = {
			isa = PBXGroup;
			children = (
				18058FD71B62243100AC695D /* Info.plist */,
			);
			name = "Supporting Files";
			sourceTree = "<group>";
		};
/* End PBXGroup section */

/* Begin PBXNativeTarget section */
		18058FB81B62243100AC695D /* OApp */ = {
			isa = PBXNativeTarget;
			buildConfigurationList = 18058FDC1B62243100AC695D /* Build configuration list for PBXNativeTarget "OApp" */;
			buildPhases = (
				18058FB51B62243100AC695D /* Sources */,
				18058FB61B62243100AC695D /* Frameworks */,
				18058FB71B62243100AC695D /* Resources */,
			);
			buildRules = (
			);
			dependencies = (
			);
			name = OApp;
			productName = OApp;
			productReference = 18058FB91B62243100AC695D /* OApp.app */;
			productType = "com.apple.product-type.application";
		};
		18058FD11B62243100AC695D /* OAppTests */ = {
			isa = PBXNativeTarget;
			buildConfigurationList = 18058FDF1B62243100AC695D /* Build configuration list for PBXNativeTarget "OAppTests" */;
			buildPhases = (
				18058FCE1B62243100AC695D /* Sources */,
				18058FCF1B62243100AC695D /* Frameworks */,
				18058FD01B62243100AC695D /* Resources */,
			);
			buildRules = (
			);
			dependencies = (
				18058FD41B62243100AC695D /* PBXTargetDependency */,
			);
			name = OAppTests;
			productName = OAppTests;
			productReference = 18058FD21B62243100AC695D /* OAppTests.xctest */;
			productType = "com.apple.product-type.bundle.unit-test";
		};
/* End PBXNativeTarget section */

/* Begin PBXProject section */
		18058FB11B62243100AC695D /* Project object */ = {
			isa = PBXProject;
			attributes = {
				LastUpgradeCheck = 0610;
				ORGANIZATIONNAME = Saiss;
				TargetAttributes = {
					18058FB81B62243100AC695D = {
						CreatedOnToolsVersion = 6.1;
					};
					18058FD11B62243100AC695D = {
						CreatedOnToolsVersion = 6.1;
						TestTargetID = 18058FB81B62243100AC695D;
					};
				};
			};
			buildConfigurationList = 18058FB41B62243100AC695D /* Build configuration list for PBXProject "OApp" */;
			compatibilityVersion = "Xcode 3.2";
			developmentRegion = English;
			hasScannedForEncodings = 0;
			knownRegions = (
				en,
				Base,
			);
			mainGroup = 18058FB01B62243100AC695D;
			productRefGroup = 18058FBA1B62243100AC695D /* Products */;
			projectDirPath = "";
			projectRoot = "";
			targets = (
				18058FB81B62243100AC695D /* OApp */,
				18058FD11B62243100AC695D /* OAppTests */,
			);
		};
/* End PBXProject section */

/* Begin PBXResourcesBuildPhase section */
		18058FB71B62243100AC695D /* Resources */ = {
			isa = PBXResourcesBuildPhase;
			buildActionMask = 2147483647;
			files = (
				18058FC81B62243100AC695D /* Main.storyboard in Resources */,
				18058FCD1B62243100AC695D /* LaunchScreen.xib in Resources */,
				18058FCA1B62243100AC695D /* Images.xcassets in Resources */,
			);
			runOnlyForDeploymentPostprocessing = 0;
		};
		18058FD01B62243100AC695D /* Resources */ = {
			isa = PBXResourcesBuildPhase;
			buildActionMask = 2147483647;
			files = (
			);
			runOnlyForDeploymentPostprocessing = 0;
		};
/* End PBXResourcesBuildPhase section */

/* Begin PBXSourcesBuildPhase section */
		18058FB51B62243100AC695D /* Sources */ = {
			isa = PBXSourcesBuildPhase;
			buildActionMask = 2147483647;
			files = (
				18058FC51B62243100AC695D /* ViewController.m in Sources */,
				18058FC21B62243100AC695D /* AppDelegate.m in Sources */,
				18058FBF1B62243100AC695D /* main.m in Sources */,
			);
			runOnlyForDeploymentPostprocessing = 0;
		};
		18058FCE1B62243100AC695D /* Sources */ = {
			isa = PBXSourcesBuildPhase;
			buildActionMask = 2147483647;
			files = (
				18058FD91B62243100AC695D /* OAppTests.m in Sources */,
			);
			runOnlyForDeploymentPostprocessing = 0;
		};
/* End PBXSourcesBuildPhase section */

/* Begin PBXTargetDependency section */
		18058FD41B62243100AC695D /* PBXTargetDependency */ = {
			isa = PBXTargetDependency;
			target = 18058FB81B62243100AC695D /* OApp */;
			targetProxy = 18058FD31B62243100AC695D /* PBXContainerItemProxy */;
		};
/* End PBXTargetDependency section */

/* Begin PBXVariantGroup section */
		18058FC61B62243100AC695D /* Main.storyboard */ = {
			isa = PBXVariantGroup;
			children = (
				18058FC71B62243100AC695D /* Base */,
			);
			name = Main.storyboard;
			sourceTree = "<group>";
		};
		18058FCB1B62243100AC695D /* LaunchScreen.xib */ = {
			isa = PBXVariantGroup;
			children = (
				18058FCC1B62243100AC695D /* Base */,
			);
			name = LaunchScreen.xib;
			sourceTree = "<group>";
		};
/* End PBXVariantGroup section */

/* Begin XCBuildConfiguration section */
		18058FDA1B62243100AC695D /* Debug */ = {
			isa = XCBuildConfiguration;
			buildSettings = {
				ALWAYS_SEARCH_USER_PATHS = NO;
				CLANG_CXX_LANGUAGE_STANDARD = "gnu++0x";
				CLANG_CXX_LIBRARY = "libc++";
				CLANG_ENABLE_MODULES = YES;
				CLANG_ENABLE_OBJC_ARC = YES;
				CLANG_WARN_BOOL_CONVERSION = YES;
				CLANG_WARN_CONSTANT_CONVERSION = YES;
				CLANG_WARN_DIRECT_OBJC_ISA_USAGE = YES_ERROR;
				CLANG_WARN_EMPTY_BODY = YES;
				CLANG_WARN_ENUM_CONVERSION = YES;
				CLANG_WARN_INT_CONVERSION = YES;
				CLANG_WARN_OBJC_ROOT_CLASS = YES_ERROR;
				CLANG_WARN_UNREACHABLE_CODE = YES;
				CLANG_WARN__DUPLICATE_METHOD_MATCH = YES;
				"CODE_SIGN_IDENTITY[sdk=iphoneos*]" = "iPhone Developer";
				COPY_PHASE_STRIP = NO;
				ENABLE_STRICT_OBJC_MSGSEND = YES;
				GCC_C_LANGUAGE_STANDARD = gnu99;
				GCC_DYNAMIC_NO_PIC = NO;
				GCC_OPTIMIZATION_LEVEL = 0;
				GCC_PREPROCESSOR_DEFINITIONS = (
					"DEBUG=1",
					"$(inherited)",
				);
				GCC_SYMBOLS_PRIVATE_EXTERN = NO;
				GCC_WARN_64_TO_32_BIT_CONVERSION = YES;
				GCC_WARN_ABOUT_RETURN_TYPE = YES_ERROR;
				GCC_WARN_UNDECLARED_SELECTOR = YES;
				GCC_WARN_UNINITIALIZED_AUTOS = YES_AGGRESSIVE;
				GCC_WARN_UNUSED_FUNCTION = YES;
				GCC_WARN_UNUSED_VARIABLE = YES;
				IPHONEOS_DEPLOYMENT_TARGET = 8.1;
				MTL_ENABLE_DEBUG_INFO = YES;
				ONLY_ACTIVE_ARCH = YES;
				SDKROOT = iphoneos;
			};
			name = Debug;
		};
		18058FDB1B62243100AC695D /* Release */ = {
			isa = XCBuildConfiguration;
			buildSettings = {
				ALWAYS_SEARCH_USER_PATHS = NO;
				CLANG_CXX_LANGUAGE_STANDARD = "gnu++0x";
				CLANG_CXX_LIBRARY = "libc++";
				CLANG_ENABLE_MODULES = YES;
				CLANG_ENABLE_OBJC_ARC = YES;
				CLANG_WARN_BOOL_CONVERSION = YES;
				CLANG_WARN_CONSTANT_CONVERSION = YES;
				CLANG_WARN_DIRECT_OBJC_ISA_USAGE = YES_ERROR;
				CLANG_WARN_EMPTY_BODY = YES;
				CLANG_WARN_ENUM_CONVERSION = YES;
				CLANG_WARN_INT_CONVERSION = YES;
				CLANG_WARN_OBJC_ROOT_CLASS = YES_ERROR;
				CLANG_WARN_UNREACHABLE_CODE = YES;
				CLANG_WARN__DUPLICATE_METHOD_MATCH = YES;
				"CODE_SIGN_IDENTITY[sdk=iphoneos*]" = "iPhone Developer";
				COPY_PHASE_STRIP = YES;
				ENABLE_NS_ASSERTIONS = NO;
				ENABLE_STRICT_OBJC_MSGSEND = YES;
				GCC_C_LANGUAGE_STANDARD = gnu99;
				GCC_WARN_64_TO_32_BIT_CONVERSION = YES;
				GCC_WARN_ABOUT_RETURN_TYPE = YES_ERROR;
				GCC_WARN_UNDECLARED_SELECTOR = YES;
				GCC_WARN_UNINITIALIZED_AUTOS = YES_AGGRESSIVE;
				GCC_WARN_UNUSED_FUNCTION = YES;
				GCC_WARN_UNUSED_VARIABLE = YES;
				IPHONEOS_DEPLOYMENT_TARGET = 8.1;
				MTL_ENABLE_DEBUG_INFO = NO;
				SDKROOT = iphoneos;
				VALIDATE_PRODUCT = YES;
			};
			name = Release;
		};
		18058FDD1B62243100AC695D /* Debug */ = {
			isa = XCBuildConfiguration;
			buildSettings = {
				ASSETCATALOG_COMPILER_APPICON_NAME = AppIcon;
				INFOPLIST_FILE = OApp/Info.plist;
				LD_RUNPATH_SEARCH_PATHS = "$(inherited) @executable_path/Frameworks";
				PRODUCT_NAME = "$(TARGET_NAME)";
			};
			name = Debug;
		};
		18058FDE1B62243100AC695D /* Release */ = {
			isa = XCBuildConfiguration;
			buildSettings = {
				ASSETCATALOG_COMPILER_APPICON_NAME = AppIcon;
				INFOPLIST_FILE = OApp/Info.plist;
				LD_RUNPATH_SEARCH_PATHS = "$(inherited) @executable_path/Frameworks";
				PRODUCT_NAME = "$(TARGET_NAME)";
			};
			name = Release;
		};
		18058FE01B62243100AC695D /* Debug */ = {
			isa = XCBuildConfiguration;
			buildSettings = {
				BUNDLE_LOADER = "$(TEST_HOST)";
				FRAMEWORK_SEARCH_PATHS = (
					"$(SDKROOT)/Developer/Library/Frameworks",
					"$(inherited)",
				);
				GCC_PREPROCESSOR_DEFINITIONS = (
					"DEBUG=1",
					"$(inherited)",
				);
				INFOPLIST_FILE = OAppTests/Info.plist;
				LD_RUNPATH_SEARCH_PATHS = "$(inherited) @executable_path/Frameworks @loader_path/Frameworks";
				PRODUCT_NAME = "$(TARGET_NAME)";
				TEST_HOST = "$(BUILT_PRODUCTS_DIR)/OApp.app/OApp";
			};
			name = Debug;
		};
		18058FE11B62243100AC695D /* Release */ = {
			isa = XCBuildConfiguration;
			buildSettings = {
				BUNDLE_LOADER = "$(TEST_HOST)";
				FRAMEWORK_SEARCH_PATHS = (
					"$(SDKROOT)/Developer/Library/Frameworks",
					"$(inherited)",
				);
				INFOPLIST_FILE = OAppTests/Info.plist;
				LD_RUNPATH_SEARCH_PATHS = "$(inherited) @executable_path/Frameworks @loader_path/Frameworks";
				PRODUCT_NAME = "$(TARGET_NAME)";
				TEST_HOST = "$(BUILT_PRODUCTS_DIR)/OApp.app/OApp";
			};
			name = Release;
		};
/* End XCBuildConfiguration section */

/* Begin XCConfigurationList section */
		18058FB41B62243100AC695D /* Build configuration list for PBXProject "OApp" */ = {
			isa = XCConfigurationList;
			buildConfigurations = (
				18058FDA1B62243100AC695D /* Debug */,
				18058FDB1B62243100AC695D /* Release */,
			);
			defaultConfigurationIsVisible = 0;
			defaultConfigurationName = Release;
		};
		18058FDC1B62243100AC695D /* Build configuration list for PBXNativeTarget "OApp" */ = {
			isa = XCConfigurationList;
			buildConfigurations = (
				18058FDD1B62243100AC695D /* Debug */,
				18058FDE1B62243100AC695D /* Release */,
			);
			defaultConfigurationIsVisible = 0;
		};
		18058FDF1B62243100AC695D /* Build configuration list for PBXNativeTarget "OAppTests" */ = {
			isa = XCConfigurationList;
			buildConfigurations = (
				18058FE01B62243100AC695D /* Debug */,
				18058FE11B62243100AC695D /* Release */,
			);
			defaultConfigurationIsVisible = 0;
		};
/* End XCConfigurationList section */
	};
	rootObject = 18058FB11B62243100AC695D /* Project object */;
}
